
Microsoft Visual Studio Solution File, Format Version 12.00
# Visual Studio Version 17
VisualStudioVersion = 17.7.34031.279
MinimumVisualStudioVersion = 10.0.40219.1
Project("{FAE04EC0-301F-11D3-BF4B-00C04F79EFBC}") = "SurfaceLighting", "SurfaceLighting\SurfaceLighting.csproj", "{1E525236-082A-4061-AB9E-F9DC91C21009}"
EndProject
Global
	GlobalSection(SolutionConfigurationPlatforms) = preSolution
		Debug|Any CPU = Debug|Any CPU
		Release|Any CPU = Release|Any CPU
	EndGlobalSection
	GlobalSection(ProjectConfigurationPlatforms) = postSolution
		{1E525236-082A-4061-AB9E-F9DC91C21009}.Debug|Any CPU.ActiveCfg = Debug|Any CPU
		{1E525236-082A-4061-AB9E-F9DC91C21009}.Debug|Any CPU.Build.0 = Debug|Any CPU
		{1E525236-082A-4061-AB9E-F9DC91C21009}.Release|Any CPU.ActiveCfg = Release|Any CPU
		{1E525236-082A-4061-AB9E-F9DC91C21009}.Release|Any CPU.Build.0 = Release|Any CPU
	EndGlobalSection
	GlobalSection(SolutionProperties) = preSolution
		HideSolutionNode = FALSE
	EndGlobalSection
	GlobalSection(ExtensibilityGlobals) = postSolution
		SolutionGuid = {561F31F9-2009-411F-A2DE-155F38E2EA0F}
	EndGlobalSection
EndGlobal
